
Microsoft Visual Studio Solution File, Format Version 12.00
# Visual Studio 15
VisualStudioVersion = 15.0.28010.2026
MinimumVisualStudioVersion = 10.0.40219.1
Project("{9A19103F-16F7-4668-BE54-9A1E7A4F7556}") = "TestEntityFramework", "TestEntityFramework\TestEntityFramework.csproj", "{FE8A7387-F5D7-4765-9131-62DF21A166EC}"
EndProject
Global
	GlobalSection(SolutionConfigurationPlatforms) = preSolution
		Debug|Any CPU = Debug|Any CPU
		Release|Any CPU = Release|Any CPU
	EndGlobalSection
	GlobalSection(ProjectConfigurationPlatforms) = postSolution
		{FE8A7387-F5D7-4765-9131-62DF21A166EC}.Debug|Any CPU.ActiveCfg = Debug|Any CPU
		{FE8A7387-F5D7-4765-9131-62DF21A166EC}.Debug|Any CPU.Build.0 = Debug|Any CPU
		{FE8A7387-F5D7-4765-9131-62DF21A166EC}.Release|Any CPU.ActiveCfg = Release|Any CPU
		{FE8A7387-F5D7-4765-9131-62DF21A166EC}.Release|Any CPU.Build.0 = Release|Any CPU
	EndGlobalSection
	GlobalSection(SolutionProperties) = preSolution
		HideSolutionNode = FALSE
	EndGlobalSection
	GlobalSection(ExtensibilityGlobals) = postSolution
		SolutionGuid = {7A4BD330-FDCA-4357-867B-90307099511F}
	EndGlobalSection
EndGlobal
